// !$*UTF8*$!
{
	archiveVersion = 1;
	classes = {
	};
	objectVersion = 55;
	objects = {

/* Begin PBXBuildFile section */
		A58E14A02A37423000447E18 /* AppDelegate.swift in Sources */ = {isa = PBXBuildFile; fileRef = A58E149F2A37423000447E18 /* AppDelegate.swift */; };
		A58E14A22A37423000447E18 /* SceneDelegate.swift in Sources */ = {isa = PBXBuildFile; fileRef = A58E14A12A37423000447E18 /* SceneDelegate.swift */; };
		A58E14A42A37423000447E18 /* ViewController.swift in Sources */ = {isa = PBXBuildFile; fileRef = A58E14A32A37423000447E18 /* ViewController.swift */; };
		A58E14A92A37423100447E18 /* Assets.xcassets in Resources */ = {isa = PBXBuildFile; fileRef = A58E14A82A37423100447E18 /* Assets.xcassets */; };
		A58E14AC2A37423100447E18 /* LaunchScreen.storyboard in Resources */ = {isa = PBXBuildFile; fileRef = A58E14AA2A37423100447E18 /* LaunchScreen.storyboard */; };
		C80B3EC72A3792810071311C /* AuthorizationConstant.swift in Sources */ = {isa = PBXBuildFile; fileRef = C80B3EC62A3792810071311C /* AuthorizationConstant.swift */; };
		C80B3EC92A3792A10071311C /* AccountConstant.swift in Sources */ = {isa = PBXBuildFile; fileRef = C80B3EC82A3792A10071311C /* AccountConstant.swift */; };
		C80B3ECF2A3793040071311C /* SignInView.swift in Sources */ = {isa = PBXBuildFile; fileRef = C80B3ECE2A3793040071311C /* SignInView.swift */; };
		C80B3ED12A3793200071311C /* SignInViewController.swift in Sources */ = {isa = PBXBuildFile; fileRef = C80B3ED02A3793200071311C /* SignInViewController.swift */; };
		C80B3ED42A3793480071311C /* SignUpViewController.swift in Sources */ = {isa = PBXBuildFile; fileRef = C80B3ED32A3793480071311C /* SignUpViewController.swift */; };
		C80B3ED62A37935B0071311C /* SignUpView.swift in Sources */ = {isa = PBXBuildFile; fileRef = C80B3ED52A37935B0071311C /* SignUpView.swift */; };
		C80B3ED92A3793940071311C /* ChangePassView.swift in Sources */ = {isa = PBXBuildFile; fileRef = C80B3ED82A3793940071311C /* ChangePassView.swift */; };
		C80B3EDB2A3793B00071311C /* ChangePassViewController.swift in Sources */ = {isa = PBXBuildFile; fileRef = C80B3EDA2A3793B00071311C /* ChangePassViewController.swift */; };
		C80B3EDE2A3793E80071311C /* ForgotPassViewController.swift in Sources */ = {isa = PBXBuildFile; fileRef = C80B3EDD2A3793E80071311C /* ForgotPassViewController.swift */; };
		C80B3EE02A3793FB0071311C /* ForgotPassView.swift in Sources */ = {isa = PBXBuildFile; fileRef = C80B3EDF2A3793FB0071311C /* ForgotPassView.swift */; };
		C80B3EE72A37956E0071311C /* FirebaseAnalytics in Frameworks */ = {isa = PBXBuildFile; productRef = C80B3EE62A37956E0071311C /* FirebaseAnalytics */; };
		C80B3EE92A37956E0071311C /* FirebaseAnalyticsOnDeviceConversion in Frameworks */ = {isa = PBXBuildFile; productRef = C80B3EE82A37956E0071311C /* FirebaseAnalyticsOnDeviceConversion */; };
		C80B3EEB2A37956E0071311C /* FirebaseAnalyticsSwift in Frameworks */ = {isa = PBXBuildFile; productRef = C80B3EEA2A37956E0071311C /* FirebaseAnalyticsSwift */; };
		C80B3EED2A37956E0071311C /* FirebaseAnalyticsWithoutAdIdSupport in Frameworks */ = {isa = PBXBuildFile; productRef = C80B3EEC2A37956E0071311C /* FirebaseAnalyticsWithoutAdIdSupport */; };
		C80B3EEF2A37956E0071311C /* FirebaseAppCheck in Frameworks */ = {isa = PBXBuildFile; productRef = C80B3EEE2A37956E0071311C /* FirebaseAppCheck */; };
		C80B3EF12A37956E0071311C /* FirebaseAppDistribution-Beta in Frameworks */ = {isa = PBXBuildFile; productRef = C80B3EF02A37956E0071311C /* FirebaseAppDistribution-Beta */; };
		C80B3EF32A37956E0071311C /* FirebaseAuth in Frameworks */ = {isa = PBXBuildFile; productRef = C80B3EF22A37956E0071311C /* FirebaseAuth */; };
		C80B3EF52A37956E0071311C /* FirebaseAuthCombine-Community in Frameworks */ = {isa = PBXBuildFile; productRef = C80B3EF42A37956E0071311C /* FirebaseAuthCombine-Community */; };
		C80B3EF72A37956E0071311C /* FirebaseCrashlytics in Frameworks */ = {isa = PBXBuildFile; productRef = C80B3EF62A37956E0071311C /* FirebaseCrashlytics */; };
		C80B3EF92A37956E0071311C /* FirebaseDatabase in Frameworks */ = {isa = PBXBuildFile; productRef = C80B3EF82A37956E0071311C /* FirebaseDatabase */; };
		C80B3EFB2A37956E0071311C /* FirebaseDatabaseSwift in Frameworks */ = {isa = PBXBuildFile; productRef = C80B3EFA2A37956E0071311C /* FirebaseDatabaseSwift */; };
		C80B3EFD2A37956E0071311C /* FirebaseDynamicLinks in Frameworks */ = {isa = PBXBuildFile; productRef = C80B3EFC2A37956E0071311C /* FirebaseDynamicLinks */; };
		C80B3EFF2A37956E0071311C /* FirebaseFirestore in Frameworks */ = {isa = PBXBuildFile; productRef = C80B3EFE2A37956E0071311C /* FirebaseFirestore */; };
		C80B3F012A37956E0071311C /* FirebaseFirestoreCombine-Community in Frameworks */ = {isa = PBXBuildFile; productRef = C80B3F002A37956E0071311C /* FirebaseFirestoreCombine-Community */; };
		C80B3F032A37956E0071311C /* FirebaseFirestoreSwift in Frameworks */ = {isa = PBXBuildFile; productRef = C80B3F022A37956E0071311C /* FirebaseFirestoreSwift */; };
		C80B3F052A37956E0071311C /* FirebaseFunctions in Frameworks */ = {isa = PBXBuildFile; productRef = C80B3F042A37956E0071311C /* FirebaseFunctions */; };
		C80B3F072A37956E0071311C /* FirebaseFunctionsCombine-Community in Frameworks */ = {isa = PBXBuildFile; productRef = C80B3F062A37956E0071311C /* FirebaseFunctionsCombine-Community */; };
		C80B3F092A37956E0071311C /* FirebaseInAppMessaging-Beta in Frameworks */ = {isa = PBXBuildFile; productRef = C80B3F082A37956E0071311C /* FirebaseInAppMessaging-Beta */; };
		C80B3F0B2A37956E0071311C /* FirebaseInAppMessagingSwift-Beta in Frameworks */ = {isa = PBXBuildFile; productRef = C80B3F0A2A37956E0071311C /* FirebaseInAppMessagingSwift-Beta */; };
		C80B3F0D2A37956E0071311C /* FirebaseInstallations in Frameworks */ = {isa = PBXBuildFile; productRef = C80B3F0C2A37956E0071311C /* FirebaseInstallations */; };
		C80B3F0F2A37956E0071311C /* FirebaseMLModelDownloader in Frameworks */ = {isa = PBXBuildFile; productRef = C80B3F0E2A37956E0071311C /* FirebaseMLModelDownloader */; };
		C80B3F112A37956E0071311C /* FirebaseMessaging in Frameworks */ = {isa = PBXBuildFile; productRef = C80B3F102A37956E0071311C /* FirebaseMessaging */; };
		C80B3F142A3795E70071311C /* GoogleSignIn in Frameworks */ = {isa = PBXBuildFile; productRef = C80B3F132A3795E70071311C /* GoogleSignIn */; };
		C80B3F162A3795E70071311C /* GoogleSignInSwift in Frameworks */ = {isa = PBXBuildFile; productRef = C80B3F152A3795E70071311C /* GoogleSignInSwift */; };
		C80B3F1B2A3796CF0071311C /* CommonConstant.swift in Sources */ = {isa = PBXBuildFile; fileRef = C80B3F1A2A3796CF0071311C /* CommonConstant.swift */; };
		C80B3F1E2A3797050071311C /* ReusableTextField.swift in Sources */ = {isa = PBXBuildFile; fileRef = C80B3F1D2A3797050071311C /* ReusableTextField.swift */; };
		C80B3F202A3797430071311C /* ReusableAuthButton.swift in Sources */ = {isa = PBXBuildFile; fileRef = C80B3F1F2A3797430071311C /* ReusableAuthButton.swift */; };
		C80B3F222A37976E0071311C /* AlertManager.swift in Sources */ = {isa = PBXBuildFile; fileRef = C80B3F212A37976E0071311C /* AlertManager.swift */; };
		C80B3F242A3797940071311C /* UIImageView + Ext.swift in Sources */ = {isa = PBXBuildFile; fileRef = C80B3F232A3797940071311C /* UIImageView + Ext.swift */; };
		C80B3F262A3797AA0071311C /* ReusableGrayLine.swift in Sources */ = {isa = PBXBuildFile; fileRef = C80B3F252A3797AA0071311C /* ReusableGrayLine.swift */; };
		C80B3F282A3797C60071311C /* UIButton + Ext.swift in Sources */ = {isa = PBXBuildFile; fileRef = C80B3F272A3797C60071311C /* UIButton + Ext.swift */; };
		C80B3F2C2A3799270071311C /* OnboardingViewController.swift in Sources */ = {isa = PBXBuildFile; fileRef = C80B3F2B2A3799270071311C /* OnboardingViewController.swift */; };
		C80B3F302A3799650071311C /* OnboardingConstant.swift in Sources */ = {isa = PBXBuildFile; fileRef = C80B3F2F2A3799650071311C /* OnboardingConstant.swift */; };
		C8A112D12A3A366D0081393E /* SettingsViewController.swift in Sources */ = {isa = PBXBuildFile; fileRef = C8A112D02A3A366D0081393E /* SettingsViewController.swift */; };
		C8A112D32A3A367B0081393E /* SettingsView.swift in Sources */ = {isa = PBXBuildFile; fileRef = C8A112D22A3A367B0081393E /* SettingsView.swift */; };
		C8A112D62A3A37010081393E /* SettingsCell.swift in Sources */ = {isa = PBXBuildFile; fileRef = C8A112D52A3A37010081393E /* SettingsCell.swift */; };
		C8A112D82A3A37240081393E /* AccountMainView.swift in Sources */ = {isa = PBXBuildFile; fileRef = C8A112D72A3A37240081393E /* AccountMainView.swift */; };
		C8A112DA2A3A373B0081393E /* AccountMainViewController.swift in Sources */ = {isa = PBXBuildFile; fileRef = C8A112D92A3A373B0081393E /* AccountMainViewController.swift */; };
		C8C4E13D2A3CD12900F097E9 /* UserInfo.swift in Sources */ = {isa = PBXBuildFile; fileRef = C8C4E13C2A3CD12900F097E9 /* UserInfo.swift */; };
		C8C4E1402A3CD1A600F097E9 /* NotificationsViewController.swift in Sources */ = {isa = PBXBuildFile; fileRef = C8C4E13F2A3CD1A600F097E9 /* NotificationsViewController.swift */; };
		C8C4E1432A3CD5D800F097E9 /* UIColor + Ext.swift in Sources */ = {isa = PBXBuildFile; fileRef = C8C4E1422A3CD5D800F097E9 /* UIColor + Ext.swift */; };
		C8C4E1452A3CD5ED00F097E9 /* UIView+Extensions.swift in Sources */ = {isa = PBXBuildFile; fileRef = C8C4E1442A3CD5ED00F097E9 /* UIView+Extensions.swift */; };
		C8C4E1472A3CDA8C00F097E9 /* CustomPageControl.swift in Sources */ = {isa = PBXBuildFile; fileRef = C8C4E1462A3CDA8C00F097E9 /* CustomPageControl.swift */; };
		C8C4E14B2A3CDE6700F097E9 /* FirstScreenViewController.swift in Sources */ = {isa = PBXBuildFile; fileRef = C8C4E14A2A3CDE6700F097E9 /* FirstScreenViewController.swift */; };
		C8C4E14D2A3CDE8100F097E9 /* SecondScreenViewController.swift in Sources */ = {isa = PBXBuildFile; fileRef = C8C4E14C2A3CDE8100F097E9 /* SecondScreenViewController.swift */; };
		C8C4E14F2A3CDE9C00F097E9 /* ThirdScreenViewController.swift in Sources */ = {isa = PBXBuildFile; fileRef = C8C4E14E2A3CDE9C00F097E9 /* ThirdScreenViewController.swift */; };
		C8C4E1512A3CDEAF00F097E9 /* FourthScreenViewController.swift in Sources */ = {isa = PBXBuildFile; fileRef = C8C4E1502A3CDEAF00F097E9 /* FourthScreenViewController.swift */; };
		C8C4E1532A3CDF5E00F097E9 /* NavBarController.swift in Sources */ = {isa = PBXBuildFile; fileRef = C8C4E1522A3CDF5E00F097E9 /* NavBarController.swift */; };
		C8C4E1552A3CDFDF00F097E9 /* TabBarConstant.swift in Sources */ = {isa = PBXBuildFile; fileRef = C8C4E1542A3CDFDF00F097E9 /* TabBarConstant.swift */; };
		C8C4E1572A3CE60000F097E9 /* CustomLabel.swift in Sources */ = {isa = PBXBuildFile; fileRef = C8C4E1562A3CE60000F097E9 /* CustomLabel.swift */; };
		C8C4E1592A3CEBA800F097E9 /* GoogleService-Info.plist in Resources */ = {isa = PBXBuildFile; fileRef = C8C4E1582A3CEBA700F097E9 /* GoogleService-Info.plist */; };
		C8D5DFC22A3CF1850024CC2F /* Kingfisher in Frameworks */ = {isa = PBXBuildFile; productRef = C8D5DFC12A3CF1850024CC2F /* Kingfisher */; };
		C8D5DFC52A3CF1EA0024CC2F /* Realm in Frameworks */ = {isa = PBXBuildFile; productRef = C8D5DFC42A3CF1EA0024CC2F /* Realm */; };
		C8D5DFC72A3CF1EA0024CC2F /* RealmSwift in Frameworks */ = {isa = PBXBuildFile; productRef = C8D5DFC62A3CF1EA0024CC2F /* RealmSwift */; };
		C8D5DFCA2A3CF1FE0024CC2F /* AppAuth in Frameworks */ = {isa = PBXBuildFile; productRef = C8D5DFC92A3CF1FE0024CC2F /* AppAuth */; };
		C8D5DFCC2A3CF1FE0024CC2F /* AppAuthCore in Frameworks */ = {isa = PBXBuildFile; productRef = C8D5DFCB2A3CF1FE0024CC2F /* AppAuthCore */; };
/* End PBXBuildFile section */

/* Begin PBXFileReference section */
		A58E149C2A37423000447E18 /* MyMusicApp.app */ = {isa = PBXFileReference; explicitFileType = wrapper.application; includeInIndex = 0; path = MyMusicApp.app; sourceTree = BUILT_PRODUCTS_DIR; };
		A58E149F2A37423000447E18 /* AppDelegate.swift */ = {isa = PBXFileReference; lastKnownFileType = sourcecode.swift; path = AppDelegate.swift; sourceTree = "<group>"; };
		A58E14A12A37423000447E18 /* SceneDelegate.swift */ = {isa = PBXFileReference; lastKnownFileType = sourcecode.swift; path = SceneDelegate.swift; sourceTree = "<group>"; };
		A58E14A32A37423000447E18 /* ViewController.swift */ = {isa = PBXFileReference; lastKnownFileType = sourcecode.swift; path = ViewController.swift; sourceTree = "<group>"; };
		A58E14A82A37423100447E18 /* Assets.xcassets */ = {isa = PBXFileReference; lastKnownFileType = folder.assetcatalog; path = Assets.xcassets; sourceTree = "<group>"; };
		A58E14AB2A37423100447E18 /* Base */ = {isa = PBXFileReference; lastKnownFileType = file.storyboard; name = Base; path = Base.lproj/LaunchScreen.storyboard; sourceTree = "<group>"; };
		A58E14AD2A37423100447E18 /* Info.plist */ = {isa = PBXFileReference; lastKnownFileType = text.plist.xml; path = Info.plist; sourceTree = "<group>"; };
		C80B3EC62A3792810071311C /* AuthorizationConstant.swift */ = {isa = PBXFileReference; lastKnownFileType = sourcecode.swift; path = AuthorizationConstant.swift; sourceTree = "<group>"; };
		C80B3EC82A3792A10071311C /* AccountConstant.swift */ = {isa = PBXFileReference; lastKnownFileType = sourcecode.swift; path = AccountConstant.swift; sourceTree = "<group>"; };
		C80B3ECE2A3793040071311C /* SignInView.swift */ = {isa = PBXFileReference; lastKnownFileType = sourcecode.swift; path = SignInView.swift; sourceTree = "<group>"; };
		C80B3ED02A3793200071311C /* SignInViewController.swift */ = {isa = PBXFileReference; lastKnownFileType = sourcecode.swift; path = SignInViewController.swift; sourceTree = "<group>"; };
		C80B3ED32A3793480071311C /* SignUpViewController.swift */ = {isa = PBXFileReference; lastKnownFileType = sourcecode.swift; path = SignUpViewController.swift; sourceTree = "<group>"; };
		C80B3ED52A37935B0071311C /* SignUpView.swift */ = {isa = PBXFileReference; lastKnownFileType = sourcecode.swift; path = SignUpView.swift; sourceTree = "<group>"; };
		C80B3ED82A3793940071311C /* ChangePassView.swift */ = {isa = PBXFileReference; lastKnownFileType = sourcecode.swift; path = ChangePassView.swift; sourceTree = "<group>"; };
		C80B3EDA2A3793B00071311C /* ChangePassViewController.swift */ = {isa = PBXFileReference; lastKnownFileType = sourcecode.swift; path = ChangePassViewController.swift; sourceTree = "<group>"; };
		C80B3EDD2A3793E80071311C /* ForgotPassViewController.swift */ = {isa = PBXFileReference; lastKnownFileType = sourcecode.swift; path = ForgotPassViewController.swift; sourceTree = "<group>"; };
		C80B3EDF2A3793FB0071311C /* ForgotPassView.swift */ = {isa = PBXFileReference; lastKnownFileType = sourcecode.swift; path = ForgotPassView.swift; sourceTree = "<group>"; };
		C80B3F1A2A3796CF0071311C /* CommonConstant.swift */ = {isa = PBXFileReference; lastKnownFileType = sourcecode.swift; path = CommonConstant.swift; sourceTree = "<group>"; };
		C80B3F1D2A3797050071311C /* ReusableTextField.swift */ = {isa = PBXFileReference; lastKnownFileType = sourcecode.swift; path = ReusableTextField.swift; sourceTree = "<group>"; };
		C80B3F1F2A3797430071311C /* ReusableAuthButton.swift */ = {isa = PBXFileReference; lastKnownFileType = sourcecode.swift; path = ReusableAuthButton.swift; sourceTree = "<group>"; };
		C80B3F212A37976E0071311C /* AlertManager.swift */ = {isa = PBXFileReference; lastKnownFileType = sourcecode.swift; path = AlertManager.swift; sourceTree = "<group>"; };
		C80B3F232A3797940071311C /* UIImageView + Ext.swift */ = {isa = PBXFileReference; lastKnownFileType = sourcecode.swift; path = "UIImageView + Ext.swift"; sourceTree = "<group>"; };
		C80B3F252A3797AA0071311C /* ReusableGrayLine.swift */ = {isa = PBXFileReference; lastKnownFileType = sourcecode.swift; path = ReusableGrayLine.swift; sourceTree = "<group>"; };
		C80B3F272A3797C60071311C /* UIButton + Ext.swift */ = {isa = PBXFileReference; lastKnownFileType = sourcecode.swift; path = "UIButton + Ext.swift"; sourceTree = "<group>"; };
		C80B3F2B2A3799270071311C /* OnboardingViewController.swift */ = {isa = PBXFileReference; lastKnownFileType = sourcecode.swift; path = OnboardingViewController.swift; sourceTree = "<group>"; };
		C80B3F2F2A3799650071311C /* OnboardingConstant.swift */ = {isa = PBXFileReference; lastKnownFileType = sourcecode.swift; path = OnboardingConstant.swift; sourceTree = "<group>"; };
		C8A112D02A3A366D0081393E /* SettingsViewController.swift */ = {isa = PBXFileReference; lastKnownFileType = sourcecode.swift; path = SettingsViewController.swift; sourceTree = "<group>"; };
		C8A112D22A3A367B0081393E /* SettingsView.swift */ = {isa = PBXFileReference; lastKnownFileType = sourcecode.swift; path = SettingsView.swift; sourceTree = "<group>"; };
		C8A112D52A3A37010081393E /* SettingsCell.swift */ = {isa = PBXFileReference; lastKnownFileType = sourcecode.swift; path = SettingsCell.swift; sourceTree = "<group>"; };
		C8A112D72A3A37240081393E /* AccountMainView.swift */ = {isa = PBXFileReference; lastKnownFileType = sourcecode.swift; path = AccountMainView.swift; sourceTree = "<group>"; };
		C8A112D92A3A373B0081393E /* AccountMainViewController.swift */ = {isa = PBXFileReference; lastKnownFileType = sourcecode.swift; path = AccountMainViewController.swift; sourceTree = "<group>"; };
		C8C4E13C2A3CD12900F097E9 /* UserInfo.swift */ = {isa = PBXFileReference; lastKnownFileType = sourcecode.swift; path = UserInfo.swift; sourceTree = "<group>"; };
		C8C4E13F2A3CD1A600F097E9 /* NotificationsViewController.swift */ = {isa = PBXFileReference; lastKnownFileType = sourcecode.swift; path = NotificationsViewController.swift; sourceTree = "<group>"; };
		C8C4E1422A3CD5D800F097E9 /* UIColor + Ext.swift */ = {isa = PBXFileReference; lastKnownFileType = sourcecode.swift; path = "UIColor + Ext.swift"; sourceTree = "<group>"; };
		C8C4E1442A3CD5ED00F097E9 /* UIView+Extensions.swift */ = {isa = PBXFileReference; lastKnownFileType = sourcecode.swift; path = "UIView+Extensions.swift"; sourceTree = "<group>"; };
		C8C4E1462A3CDA8C00F097E9 /* CustomPageControl.swift */ = {isa = PBXFileReference; lastKnownFileType = sourcecode.swift; path = CustomPageControl.swift; sourceTree = "<group>"; };
		C8C4E14A2A3CDE6700F097E9 /* FirstScreenViewController.swift */ = {isa = PBXFileReference; lastKnownFileType = sourcecode.swift; path = FirstScreenViewController.swift; sourceTree = "<group>"; };
		C8C4E14C2A3CDE8100F097E9 /* SecondScreenViewController.swift */ = {isa = PBXFileReference; lastKnownFileType = sourcecode.swift; path = SecondScreenViewController.swift; sourceTree = "<group>"; };
		C8C4E14E2A3CDE9C00F097E9 /* ThirdScreenViewController.swift */ = {isa = PBXFileReference; lastKnownFileType = sourcecode.swift; path = ThirdScreenViewController.swift; sourceTree = "<group>"; };
		C8C4E1502A3CDEAF00F097E9 /* FourthScreenViewController.swift */ = {isa = PBXFileReference; lastKnownFileType = sourcecode.swift; path = FourthScreenViewController.swift; sourceTree = "<group>"; };
		C8C4E1522A3CDF5E00F097E9 /* NavBarController.swift */ = {isa = PBXFileReference; lastKnownFileType = sourcecode.swift; path = NavBarController.swift; sourceTree = "<group>"; };
		C8C4E1542A3CDFDF00F097E9 /* TabBarConstant.swift */ = {isa = PBXFileReference; lastKnownFileType = sourcecode.swift; path = TabBarConstant.swift; sourceTree = "<group>"; };
		C8C4E1562A3CE60000F097E9 /* CustomLabel.swift */ = {isa = PBXFileReference; lastKnownFileType = sourcecode.swift; path = CustomLabel.swift; sourceTree = "<group>"; };
		C8C4E1582A3CEBA700F097E9 /* GoogleService-Info.plist */ = {isa = PBXFileReference; fileEncoding = 4; lastKnownFileType = text.plist.xml; name = "GoogleService-Info.plist"; path = "../../../Downloads/MyMusicApp-Vitali_AddTransitionFromAccountSettings/MyMusicApp/Resources/GoogleService-Info.plist"; sourceTree = "<group>"; };
/* End PBXFileReference section */

/* Begin PBXFrameworksBuildPhase section */
		A58E14992A37423000447E18 /* Frameworks */ = {
			isa = PBXFrameworksBuildPhase;
			buildActionMask = 2147483647;
			files = (
				C80B3EF92A37956E0071311C /* FirebaseDatabase in Frameworks */,
				C80B3F072A37956E0071311C /* FirebaseFunctionsCombine-Community in Frameworks */,
				C80B3EFF2A37956E0071311C /* FirebaseFirestore in Frameworks */,
				C8D5DFC72A3CF1EA0024CC2F /* RealmSwift in Frameworks */,
				C8D5DFCC2A3CF1FE0024CC2F /* AppAuthCore in Frameworks */,
				C80B3F162A3795E70071311C /* GoogleSignInSwift in Frameworks */,
				C80B3EEB2A37956E0071311C /* FirebaseAnalyticsSwift in Frameworks */,
				C80B3EE72A37956E0071311C /* FirebaseAnalytics in Frameworks */,
				C80B3EE92A37956E0071311C /* FirebaseAnalyticsOnDeviceConversion in Frameworks */,
				C80B3F0F2A37956E0071311C /* FirebaseMLModelDownloader in Frameworks */,
				C80B3F032A37956E0071311C /* FirebaseFirestoreSwift in Frameworks */,
				C8D5DFC22A3CF1850024CC2F /* Kingfisher in Frameworks */,
				C80B3EEF2A37956E0071311C /* FirebaseAppCheck in Frameworks */,
				C80B3EED2A37956E0071311C /* FirebaseAnalyticsWithoutAdIdSupport in Frameworks */,
				C80B3EF32A37956E0071311C /* FirebaseAuth in Frameworks */,
				C80B3EF72A37956E0071311C /* FirebaseCrashlytics in Frameworks */,
				C80B3F092A37956E0071311C /* FirebaseInAppMessaging-Beta in Frameworks */,
				C80B3EFB2A37956E0071311C /* FirebaseDatabaseSwift in Frameworks */,
				C80B3F052A37956E0071311C /* FirebaseFunctions in Frameworks */,
				C80B3EF12A37956E0071311C /* FirebaseAppDistribution-Beta in Frameworks */,
				C80B3EF52A37956E0071311C /* FirebaseAuthCombine-Community in Frameworks */,
				C80B3F142A3795E70071311C /* GoogleSignIn in Frameworks */,
				C80B3F0B2A37956E0071311C /* FirebaseInAppMessagingSwift-Beta in Frameworks */,
				C80B3EFD2A37956E0071311C /* FirebaseDynamicLinks in Frameworks */,
				C80B3F012A37956E0071311C /* FirebaseFirestoreCombine-Community in Frameworks */,
				C80B3F112A37956E0071311C /* FirebaseMessaging in Frameworks */,
				C8D5DFC52A3CF1EA0024CC2F /* Realm in Frameworks */,
				C8D5DFCA2A3CF1FE0024CC2F /* AppAuth in Frameworks */,
				C80B3F0D2A37956E0071311C /* FirebaseInstallations in Frameworks */,
			);
			runOnlyForDeploymentPostprocessing = 0;
		};
/* End PBXFrameworksBuildPhase section */

/* Begin PBXGroup section */
		A58E14932A37423000447E18 = {
			isa = PBXGroup;
			children = (
				A58E149E2A37423000447E18 /* MyMusicApp */,
				A58E149D2A37423000447E18 /* Products */,
			);
			sourceTree = "<group>";
		};
		A58E149D2A37423000447E18 /* Products */ = {
			isa = PBXGroup;
			children = (
				A58E149C2A37423000447E18 /* MyMusicApp.app */,
			);
			name = Products;
			sourceTree = "<group>";
		};
		A58E149E2A37423000447E18 /* MyMusicApp */ = {
			isa = PBXGroup;
			children = (
				C80B3EC42A3792430071311C /* App */,
				C80B3EC52A3792690071311C /* Constant */,
				C80B3F1C2A3796F50071311C /* Settings */,
				C80B3ECB2A3792C00071311C /* Screen */,
				C8C4E1412A3CD5BE00F097E9 /* Helpers */,
				C80B3EE32A37944D0071311C /* Resources */,
			);
			path = MyMusicApp;
			sourceTree = "<group>";
		};
		C80B3EC42A3792430071311C /* App */ = {
			isa = PBXGroup;
			children = (
				A58E149F2A37423000447E18 /* AppDelegate.swift */,
				A58E14A12A37423000447E18 /* SceneDelegate.swift */,
			);
			name = App;
			sourceTree = "<group>";
		};
		C80B3EC52A3792690071311C /* Constant */ = {
			isa = PBXGroup;
			children = (
				C80B3EC82A3792A10071311C /* AccountConstant.swift */,
				C8C4E1542A3CDFDF00F097E9 /* TabBarConstant.swift */,
				C80B3EC62A3792810071311C /* AuthorizationConstant.swift */,
				C80B3F1A2A3796CF0071311C /* CommonConstant.swift */,
				C80B3F2F2A3799650071311C /* OnboardingConstant.swift */,
			);
			name = Constant;
			sourceTree = "<group>";
		};
		C80B3ECB2A3792C00071311C /* Screen */ = {
			isa = PBXGroup;
			children = (
				C80B3F292A3798DD0071311C /* Home */,
				C80B3F2A2A3798E80071311C /* Onboarding */,
				C8A112CE2A3A36330081393E /* Account */,
			);
			name = Screen;
			sourceTree = "<group>";
		};
		C80B3ECC2A3792CC0071311C /* Authorization */ = {
			isa = PBXGroup;
			children = (
				C80B3ECD2A3792DE0071311C /* SignIn */,
				C80B3ED22A3793330071311C /* SignUp */,
				C80B3EDC2A3793C80071311C /* ForgotPassEmail */,
				C80B3ED72A37936F0071311C /* Change Pass */,
			);
			path = Authorization;
			sourceTree = "<group>";
		};
		C80B3ECD2A3792DE0071311C /* SignIn */ = {
			isa = PBXGroup;
			children = (
				C80B3ECE2A3793040071311C /* SignInView.swift */,
				C80B3ED02A3793200071311C /* SignInViewController.swift */,
			);
			name = SignIn;
			sourceTree = "<group>";
		};
		C80B3ED22A3793330071311C /* SignUp */ = {
			isa = PBXGroup;
			children = (
				C80B3ED32A3793480071311C /* SignUpViewController.swift */,
				C80B3ED52A37935B0071311C /* SignUpView.swift */,
			);
			path = SignUp;
			sourceTree = "<group>";
		};
		C80B3ED72A37936F0071311C /* Change Pass */ = {
			isa = PBXGroup;
			children = (
				C80B3ED82A3793940071311C /* ChangePassView.swift */,
				C80B3EDA2A3793B00071311C /* ChangePassViewController.swift */,
			);
			name = "Change Pass";
			sourceTree = "<group>";
		};
		C80B3EDC2A3793C80071311C /* ForgotPassEmail */ = {
			isa = PBXGroup;
			children = (
				C80B3EDD2A3793E80071311C /* ForgotPassViewController.swift */,
				C80B3EDF2A3793FB0071311C /* ForgotPassView.swift */,
			);
			path = ForgotPassEmail;
			sourceTree = "<group>";
		};
		C80B3EE32A37944D0071311C /* Resources */ = {
			isa = PBXGroup;
			children = (
				C8C4E1582A3CEBA700F097E9 /* GoogleService-Info.plist */,
				A58E14AA2A37423100447E18 /* LaunchScreen.storyboard */,
				A58E14A82A37423100447E18 /* Assets.xcassets */,
				A58E14AD2A37423100447E18 /* Info.plist */,
			);
			name = Resources;
			sourceTree = "<group>";
		};
		C80B3F1C2A3796F50071311C /* Settings */ = {
			isa = PBXGroup;
			children = (
				C80B3F212A37976E0071311C /* AlertManager.swift */,
				C80B3F1D2A3797050071311C /* ReusableTextField.swift */,
				C80B3F1F2A3797430071311C /* ReusableAuthButton.swift */,
				C8C4E1522A3CDF5E00F097E9 /* NavBarController.swift */,
				C80B3F232A3797940071311C /* UIImageView + Ext.swift */,
				C80B3F252A3797AA0071311C /* ReusableGrayLine.swift */,
				C80B3F272A3797C60071311C /* UIButton + Ext.swift */,
				C8C4E1462A3CDA8C00F097E9 /* CustomPageControl.swift */,
				C8C4E1562A3CE60000F097E9 /* CustomLabel.swift */,
			);
			name = Settings;
			sourceTree = "<group>";
		};
		C80B3F292A3798DD0071311C /* Home */ = {
			isa = PBXGroup;
			children = (
				A58E14A32A37423000447E18 /* ViewController.swift */,
			);
			path = Home;
			sourceTree = "<group>";
		};
		C80B3F2A2A3798E80071311C /* Onboarding */ = {
			isa = PBXGroup;
			children = (
				C80B3F2B2A3799270071311C /* OnboardingViewController.swift */,
				C8C4E14A2A3CDE6700F097E9 /* FirstScreenViewController.swift */,
				C8C4E14C2A3CDE8100F097E9 /* SecondScreenViewController.swift */,
				C8C4E14E2A3CDE9C00F097E9 /* ThirdScreenViewController.swift */,
				C8C4E1502A3CDEAF00F097E9 /* FourthScreenViewController.swift */,
			);
			path = Onboarding;
			sourceTree = "<group>";
		};
		C8A112CE2A3A36330081393E /* Account */ = {
			isa = PBXGroup;
			children = (
				C8A112CF2A3A36480081393E /* AccountEdit */,
				C8A112D42A3A36D80081393E /* AccountMain */,
				C8C4E13E2A3CD18200F097E9 /* Notifications */,
				C80B3ECC2A3792CC0071311C /* Authorization */,
			);
			path = Account;
			sourceTree = "<group>";
		};
		C8A112CF2A3A36480081393E /* AccountEdit */ = {
			isa = PBXGroup;
			children = (
				C8A112D02A3A366D0081393E /* SettingsViewController.swift */,
				C8A112D22A3A367B0081393E /* SettingsView.swift */,
				C8C4E13C2A3CD12900F097E9 /* UserInfo.swift */,
			);
			name = AccountEdit;
			sourceTree = "<group>";
		};
		C8A112D42A3A36D80081393E /* AccountMain */ = {
			isa = PBXGroup;
			children = (
				C8A112D52A3A37010081393E /* SettingsCell.swift */,
				C8A112D72A3A37240081393E /* AccountMainView.swift */,
				C8A112D92A3A373B0081393E /* AccountMainViewController.swift */,
			);
			name = AccountMain;
			sourceTree = "<group>";
		};
		C8C4E13E2A3CD18200F097E9 /* Notifications */ = {
			isa = PBXGroup;
			children = (
				C8C4E13F2A3CD1A600F097E9 /* NotificationsViewController.swift */,
			);
			path = Notifications;
			sourceTree = "<group>";
		};
		C8C4E1412A3CD5BE00F097E9 /* Helpers */ = {
			isa = PBXGroup;
			children = (
				C8C4E1422A3CD5D800F097E9 /* UIColor + Ext.swift */,
				C8C4E1442A3CD5ED00F097E9 /* UIView+Extensions.swift */,
			);
			name = Helpers;
			sourceTree = "<group>";
		};
/* End PBXGroup section */

/* Begin PBXNativeTarget section */
		A58E149B2A37423000447E18 /* MyMusicApp */ = {
			isa = PBXNativeTarget;
			buildConfigurationList = A58E14B02A37423100447E18 /* Build configuration list for PBXNativeTarget "MyMusicApp" */;
			buildPhases = (
				A58E14982A37423000447E18 /* Sources */,
				A58E14992A37423000447E18 /* Frameworks */,
				A58E149A2A37423000447E18 /* Resources */,
			);
			buildRules = (
			);
			dependencies = (
			);
			name = MyMusicApp;
			packageProductDependencies = (
				C80B3EE62A37956E0071311C /* FirebaseAnalytics */,
				C80B3EE82A37956E0071311C /* FirebaseAnalyticsOnDeviceConversion */,
				C80B3EEA2A37956E0071311C /* FirebaseAnalyticsSwift */,
				C80B3EEC2A37956E0071311C /* FirebaseAnalyticsWithoutAdIdSupport */,
				C80B3EEE2A37956E0071311C /* FirebaseAppCheck */,
				C80B3EF02A37956E0071311C /* FirebaseAppDistribution-Beta */,
				C80B3EF22A37956E0071311C /* FirebaseAuth */,
				C80B3EF42A37956E0071311C /* FirebaseAuthCombine-Community */,
				C80B3EF62A37956E0071311C /* FirebaseCrashlytics */,
				C80B3EF82A37956E0071311C /* FirebaseDatabase */,
				C80B3EFA2A37956E0071311C /* FirebaseDatabaseSwift */,
				C80B3EFC2A37956E0071311C /* FirebaseDynamicLinks */,
				C80B3EFE2A37956E0071311C /* FirebaseFirestore */,
				C80B3F002A37956E0071311C /* FirebaseFirestoreCombine-Community */,
				C80B3F022A37956E0071311C /* FirebaseFirestoreSwift */,
				C80B3F042A37956E0071311C /* FirebaseFunctions */,
				C80B3F062A37956E0071311C /* FirebaseFunctionsCombine-Community */,
				C80B3F082A37956E0071311C /* FirebaseInAppMessaging-Beta */,
				C80B3F0A2A37956E0071311C /* FirebaseInAppMessagingSwift-Beta */,
				C80B3F0C2A37956E0071311C /* FirebaseInstallations */,
				C80B3F0E2A37956E0071311C /* FirebaseMLModelDownloader */,
				C80B3F102A37956E0071311C /* FirebaseMessaging */,
				C80B3F132A3795E70071311C /* GoogleSignIn */,
				C80B3F152A3795E70071311C /* GoogleSignInSwift */,
				C8D5DFC12A3CF1850024CC2F /* Kingfisher */,
				C8D5DFC42A3CF1EA0024CC2F /* Realm */,
				C8D5DFC62A3CF1EA0024CC2F /* RealmSwift */,
				C8D5DFC92A3CF1FE0024CC2F /* AppAuth */,
				C8D5DFCB2A3CF1FE0024CC2F /* AppAuthCore */,
			);
			productName = MyMusicApp;
			productReference = A58E149C2A37423000447E18 /* MyMusicApp.app */;
			productType = "com.apple.product-type.application";
		};
/* End PBXNativeTarget section */

/* Begin PBXProject section */
		A58E14942A37423000447E18 /* Project object */ = {
			isa = PBXProject;
			attributes = {
				BuildIndependentTargetsInParallel = 1;
				LastSwiftUpdateCheck = 1430;
				LastUpgradeCheck = 1430;
				TargetAttributes = {
					A58E149B2A37423000447E18 = {
						CreatedOnToolsVersion = 14.3;
					};
				};
			};
			buildConfigurationList = A58E14972A37423000447E18 /* Build configuration list for PBXProject "MyMusicApp" */;
			compatibilityVersion = "Xcode 13.0";
			developmentRegion = en;
			hasScannedForEncodings = 0;
			knownRegions = (
				en,
				Base,
			);
			mainGroup = A58E14932A37423000447E18;
			packageReferences = (
				C80B3EE52A37956E0071311C /* XCRemoteSwiftPackageReference "firebase-ios-sdk" */,
				C80B3F122A3795E70071311C /* XCRemoteSwiftPackageReference "GoogleSignIn-iOS" */,
				C8D5DFC02A3CF1850024CC2F /* XCRemoteSwiftPackageReference "Kingfisher" */,
				C8D5DFC32A3CF1EA0024CC2F /* XCRemoteSwiftPackageReference "realm-cocoa" */,
				C8D5DFC82A3CF1FE0024CC2F /* XCRemoteSwiftPackageReference "AppAuth-iOS" */,
			);
			productRefGroup = A58E149D2A37423000447E18 /* Products */;
			projectDirPath = "";
			projectRoot = "";
			targets = (
				A58E149B2A37423000447E18 /* MyMusicApp */,
			);
		};
/* End PBXProject section */

/* Begin PBXResourcesBuildPhase section */
		A58E149A2A37423000447E18 /* Resources */ = {
			isa = PBXResourcesBuildPhase;
			buildActionMask = 2147483647;
			files = (
				A58E14AC2A37423100447E18 /* LaunchScreen.storyboard in Resources */,
				A58E14A92A37423100447E18 /* Assets.xcassets in Resources */,
				C8C4E1592A3CEBA800F097E9 /* GoogleService-Info.plist in Resources */,
			);
			runOnlyForDeploymentPostprocessing = 0;
		};
/* End PBXResourcesBuildPhase section */

/* Begin PBXSourcesBuildPhase section */
		A58E14982A37423000447E18 /* Sources */ = {
			isa = PBXSourcesBuildPhase;
			buildActionMask = 2147483647;
			files = (
				C80B3F262A3797AA0071311C /* ReusableGrayLine.swift in Sources */,
				C8C4E1432A3CD5D800F097E9 /* UIColor + Ext.swift in Sources */,
				C8C4E1472A3CDA8C00F097E9 /* CustomPageControl.swift in Sources */,
				C80B3ED12A3793200071311C /* SignInViewController.swift in Sources */,
				C8C4E1532A3CDF5E00F097E9 /* NavBarController.swift in Sources */,
				C8C4E14B2A3CDE6700F097E9 /* FirstScreenViewController.swift in Sources */,
				C80B3F222A37976E0071311C /* AlertManager.swift in Sources */,
				C80B3ECF2A3793040071311C /* SignInView.swift in Sources */,
				C8A112D62A3A37010081393E /* SettingsCell.swift in Sources */,
				C8C4E1452A3CD5ED00F097E9 /* UIView+Extensions.swift in Sources */,
				C8C4E14F2A3CDE9C00F097E9 /* ThirdScreenViewController.swift in Sources */,
				C80B3F302A3799650071311C /* OnboardingConstant.swift in Sources */,
				C80B3F2C2A3799270071311C /* OnboardingViewController.swift in Sources */,
				C8C4E1572A3CE60000F097E9 /* CustomLabel.swift in Sources */,
				C8C4E13D2A3CD12900F097E9 /* UserInfo.swift in Sources */,
				C8C4E14D2A3CDE8100F097E9 /* SecondScreenViewController.swift in Sources */,
				C8A112DA2A3A373B0081393E /* AccountMainViewController.swift in Sources */,
				C80B3ED42A3793480071311C /* SignUpViewController.swift in Sources */,
				C80B3F242A3797940071311C /* UIImageView + Ext.swift in Sources */,
				A58E14A42A37423000447E18 /* ViewController.swift in Sources */,
				C80B3F202A3797430071311C /* ReusableAuthButton.swift in Sources */,
				C80B3EC72A3792810071311C /* AuthorizationConstant.swift in Sources */,
				C8C4E1552A3CDFDF00F097E9 /* TabBarConstant.swift in Sources */,
				C80B3ED92A3793940071311C /* ChangePassView.swift in Sources */,
				C8C4E1402A3CD1A600F097E9 /* NotificationsViewController.swift in Sources */,
				C80B3F1B2A3796CF0071311C /* CommonConstant.swift in Sources */,
				C8A112D82A3A37240081393E /* AccountMainView.swift in Sources */,
				C80B3F1E2A3797050071311C /* ReusableTextField.swift in Sources */,
				C8A112D32A3A367B0081393E /* SettingsView.swift in Sources */,
				C80B3EDB2A3793B00071311C /* ChangePassViewController.swift in Sources */,
				A58E14A02A37423000447E18 /* AppDelegate.swift in Sources */,
				C8C4E1512A3CDEAF00F097E9 /* FourthScreenViewController.swift in Sources */,
				C80B3EDE2A3793E80071311C /* ForgotPassViewController.swift in Sources */,
				C80B3EE02A3793FB0071311C /* ForgotPassView.swift in Sources */,
				A58E14A22A37423000447E18 /* SceneDelegate.swift in Sources */,
				C80B3F282A3797C60071311C /* UIButton + Ext.swift in Sources */,
				C80B3ED62A37935B0071311C /* SignUpView.swift in Sources */,
				C80B3EC92A3792A10071311C /* AccountConstant.swift in Sources */,
				C8A112D12A3A366D0081393E /* SettingsViewController.swift in Sources */,
			);
			runOnlyForDeploymentPostprocessing = 0;
		};
/* End PBXSourcesBuildPhase section */

/* Begin PBXVariantGroup section */
		A58E14AA2A37423100447E18 /* LaunchScreen.storyboard */ = {
			isa = PBXVariantGroup;
			children = (
				A58E14AB2A37423100447E18 /* Base */,
			);
			name = LaunchScreen.storyboard;
			sourceTree = "<group>";
		};
/* End PBXVariantGroup section */

/* Begin XCBuildConfiguration section */
		A58E14AE2A37423100447E18 /* Debug */ = {
			isa = XCBuildConfiguration;
			buildSettings = {
				ALWAYS_SEARCH_USER_PATHS = NO;
				CLANG_ANALYZER_NONNULL = YES;
				CLANG_ANALYZER_NUMBER_OBJECT_CONVERSION = YES_AGGRESSIVE;
				CLANG_CXX_LANGUAGE_STANDARD = "gnu++20";
				CLANG_ENABLE_MODULES = YES;
				CLANG_ENABLE_OBJC_ARC = YES;
				CLANG_ENABLE_OBJC_WEAK = YES;
				CLANG_WARN_BLOCK_CAPTURE_AUTORELEASING = YES;
				CLANG_WARN_BOOL_CONVERSION = YES;
				CLANG_WARN_COMMA = YES;
				CLANG_WARN_CONSTANT_CONVERSION = YES;
				CLANG_WARN_DEPRECATED_OBJC_IMPLEMENTATIONS = YES;
				CLANG_WARN_DIRECT_OBJC_ISA_USAGE = YES_ERROR;
				CLANG_WARN_DOCUMENTATION_COMMENTS = YES;
				CLANG_WARN_EMPTY_BODY = YES;
				CLANG_WARN_ENUM_CONVERSION = YES;
				CLANG_WARN_INFINITE_RECURSION = YES;
				CLANG_WARN_INT_CONVERSION = YES;
				CLANG_WARN_NON_LITERAL_NULL_CONVERSION = YES;
				CLANG_WARN_OBJC_IMPLICIT_RETAIN_SELF = YES;
				CLANG_WARN_OBJC_LITERAL_CONVERSION = YES;
				CLANG_WARN_OBJC_ROOT_CLASS = YES_ERROR;
				CLANG_WARN_QUOTED_INCLUDE_IN_FRAMEWORK_HEADER = YES;
				CLANG_WARN_RANGE_LOOP_ANALYSIS = YES;
				CLANG_WARN_STRICT_PROTOTYPES = YES;
				CLANG_WARN_SUSPICIOUS_MOVE = YES;
				CLANG_WARN_UNGUARDED_AVAILABILITY = YES_AGGRESSIVE;
				CLANG_WARN_UNREACHABLE_CODE = YES;
				CLANG_WARN__DUPLICATE_METHOD_MATCH = YES;
				COPY_PHASE_STRIP = NO;
				DEBUG_INFORMATION_FORMAT = dwarf;
				ENABLE_STRICT_OBJC_MSGSEND = YES;
				ENABLE_TESTABILITY = YES;
				GCC_C_LANGUAGE_STANDARD = gnu11;
				GCC_DYNAMIC_NO_PIC = NO;
				GCC_NO_COMMON_BLOCKS = YES;
				GCC_OPTIMIZATION_LEVEL = 0;
				GCC_PREPROCESSOR_DEFINITIONS = (
					"DEBUG=1",
					"$(inherited)",
				);
				GCC_WARN_64_TO_32_BIT_CONVERSION = YES;
				GCC_WARN_ABOUT_RETURN_TYPE = YES_ERROR;
				GCC_WARN_UNDECLARED_SELECTOR = YES;
				GCC_WARN_UNINITIALIZED_AUTOS = YES_AGGRESSIVE;
				GCC_WARN_UNUSED_FUNCTION = YES;
				GCC_WARN_UNUSED_VARIABLE = YES;
				IPHONEOS_DEPLOYMENT_TARGET = 15.0;
				MTL_ENABLE_DEBUG_INFO = INCLUDE_SOURCE;
				MTL_FAST_MATH = YES;
				ONLY_ACTIVE_ARCH = YES;
				SDKROOT = iphoneos;
				SWIFT_ACTIVE_COMPILATION_CONDITIONS = DEBUG;
				SWIFT_OPTIMIZATION_LEVEL = "-Onone";
			};
			name = Debug;
		};
		A58E14AF2A37423100447E18 /* Release */ = {
			isa = XCBuildConfiguration;
			buildSettings = {
				ALWAYS_SEARCH_USER_PATHS = NO;
				CLANG_ANALYZER_NONNULL = YES;
				CLANG_ANALYZER_NUMBER_OBJECT_CONVERSION = YES_AGGRESSIVE;
				CLANG_CXX_LANGUAGE_STANDARD = "gnu++20";
				CLANG_ENABLE_MODULES = YES;
				CLANG_ENABLE_OBJC_ARC = YES;
				CLANG_ENABLE_OBJC_WEAK = YES;
				CLANG_WARN_BLOCK_CAPTURE_AUTORELEASING = YES;
				CLANG_WARN_BOOL_CONVERSION = YES;
				CLANG_WARN_COMMA = YES;
				CLANG_WARN_CONSTANT_CONVERSION = YES;
				CLANG_WARN_DEPRECATED_OBJC_IMPLEMENTATIONS = YES;
				CLANG_WARN_DIRECT_OBJC_ISA_USAGE = YES_ERROR;
				CLANG_WARN_DOCUMENTATION_COMMENTS = YES;
				CLANG_WARN_EMPTY_BODY = YES;
				CLANG_WARN_ENUM_CONVERSION = YES;
				CLANG_WARN_INFINITE_RECURSION = YES;
				CLANG_WARN_INT_CONVERSION = YES;
				CLANG_WARN_NON_LITERAL_NULL_CONVERSION = YES;
				CLANG_WARN_OBJC_IMPLICIT_RETAIN_SELF = YES;
				CLANG_WARN_OBJC_LITERAL_CONVERSION = YES;
				CLANG_WARN_OBJC_ROOT_CLASS = YES_ERROR;
				CLANG_WARN_QUOTED_INCLUDE_IN_FRAMEWORK_HEADER = YES;
				CLANG_WARN_RANGE_LOOP_ANALYSIS = YES;
				CLANG_WARN_STRICT_PROTOTYPES = YES;
				CLANG_WARN_SUSPICIOUS_MOVE = YES;
				CLANG_WARN_UNGUARDED_AVAILABILITY = YES_AGGRESSIVE;
				CLANG_WARN_UNREACHABLE_CODE = YES;
				CLANG_WARN__DUPLICATE_METHOD_MATCH = YES;
				COPY_PHASE_STRIP = NO;
				DEBUG_INFORMATION_FORMAT = "dwarf-with-dsym";
				ENABLE_NS_ASSERTIONS = NO;
				ENABLE_STRICT_OBJC_MSGSEND = YES;
				GCC_C_LANGUAGE_STANDARD = gnu11;
				GCC_NO_COMMON_BLOCKS = YES;
				GCC_WARN_64_TO_32_BIT_CONVERSION = YES;
				GCC_WARN_ABOUT_RETURN_TYPE = YES_ERROR;
				GCC_WARN_UNDECLARED_SELECTOR = YES;
				GCC_WARN_UNINITIALIZED_AUTOS = YES_AGGRESSIVE;
				GCC_WARN_UNUSED_FUNCTION = YES;
				GCC_WARN_UNUSED_VARIABLE = YES;
				IPHONEOS_DEPLOYMENT_TARGET = 15.0;
				MTL_ENABLE_DEBUG_INFO = NO;
				MTL_FAST_MATH = YES;
				SDKROOT = iphoneos;
				SWIFT_COMPILATION_MODE = wholemodule;
				SWIFT_OPTIMIZATION_LEVEL = "-O";
				VALIDATE_PRODUCT = YES;
			};
			name = Release;
		};
		A58E14B12A37423100447E18 /* Debug */ = {
			isa = XCBuildConfiguration;
			buildSettings = {
				ASSETCATALOG_COMPILER_APPICON_NAME = AppIcon;
				ASSETCATALOG_COMPILER_GLOBAL_ACCENT_COLOR_NAME = AccentColor;
				CODE_SIGN_STYLE = Automatic;
				CURRENT_PROJECT_VERSION = 1;
				DEVELOPMENT_TEAM = 374DGY6WA4;
				GENERATE_INFOPLIST_FILE = YES;
				INFOPLIST_FILE = MyMusicApp/Info.plist;
				INFOPLIST_KEY_UIApplicationSupportsIndirectInputEvents = YES;
				INFOPLIST_KEY_UILaunchStoryboardName = LaunchScreen;
				INFOPLIST_KEY_UISupportedInterfaceOrientations = UIInterfaceOrientationPortrait;
				INFOPLIST_KEY_UISupportedInterfaceOrientations_iPad = "UIInterfaceOrientationLandscapeLeft UIInterfaceOrientationLandscapeRight UIInterfaceOrientationPortrait";
				LD_RUNPATH_SEARCH_PATHS = (
					"$(inherited)",
					"@executable_path/Frameworks",
				);
				MARKETING_VERSION = 1.0;
				PRODUCT_BUNDLE_IDENTIFIER = edward.com.MyMusicApp;
				PRODUCT_NAME = "$(TARGET_NAME)";
				SUPPORTED_PLATFORMS = "iphoneos iphonesimulator";
				SUPPORTS_MACCATALYST = NO;
				SUPPORTS_MAC_DESIGNED_FOR_IPHONE_IPAD = NO;
				SWIFT_EMIT_LOC_STRINGS = YES;
				SWIFT_VERSION = 5.0;
				TARGETED_DEVICE_FAMILY = 1;
			};
			name = Debug;
		};
		A58E14B22A37423100447E18 /* Release */ = {
			isa = XCBuildConfiguration;
			buildSettings = {
				ASSETCATALOG_COMPILER_APPICON_NAME = AppIcon;
				ASSETCATALOG_COMPILER_GLOBAL_ACCENT_COLOR_NAME = AccentColor;
				CODE_SIGN_STYLE = Automatic;
				CURRENT_PROJECT_VERSION = 1;
				DEVELOPMENT_TEAM = 374DGY6WA4;
				GENERATE_INFOPLIST_FILE = YES;
				INFOPLIST_FILE = MyMusicApp/Info.plist;
				INFOPLIST_KEY_UIApplicationSupportsIndirectInputEvents = YES;
				INFOPLIST_KEY_UILaunchStoryboardName = LaunchScreen;
				INFOPLIST_KEY_UISupportedInterfaceOrientations = UIInterfaceOrientationPortrait;
				INFOPLIST_KEY_UISupportedInterfaceOrientations_iPad = "UIInterfaceOrientationLandscapeLeft UIInterfaceOrientationLandscapeRight UIInterfaceOrientationPortrait";
				LD_RUNPATH_SEARCH_PATHS = (
					"$(inherited)",
					"@executable_path/Frameworks",
				);
				MARKETING_VERSION = 1.0;
				PRODUCT_BUNDLE_IDENTIFIER = edward.com.MyMusicApp;
				PRODUCT_NAME = "$(TARGET_NAME)";
				SUPPORTED_PLATFORMS = "iphoneos iphonesimulator";
				SUPPORTS_MACCATALYST = NO;
				SUPPORTS_MAC_DESIGNED_FOR_IPHONE_IPAD = NO;
				SWIFT_EMIT_LOC_STRINGS = YES;
				SWIFT_VERSION = 5.0;
				TARGETED_DEVICE_FAMILY = 1;
			};
			name = Release;
		};
/* End XCBuildConfiguration section */

/* Begin XCConfigurationList section */
		A58E14972A37423000447E18 /* Build configuration list for PBXProject "MyMusicApp" */ = {
			isa = XCConfigurationList;
			buildConfigurations = (
				A58E14AE2A37423100447E18 /* Debug */,
				A58E14AF2A37423100447E18 /* Release */,
			);
			defaultConfigurationIsVisible = 0;
			defaultConfigurationName = Release;
		};
		A58E14B02A37423100447E18 /* Build configuration list for PBXNativeTarget "MyMusicApp" */ = {
			isa = XCConfigurationList;
			buildConfigurations = (
				A58E14B12A37423100447E18 /* Debug */,
				A58E14B22A37423100447E18 /* Release */,
			);
			defaultConfigurationIsVisible = 0;
			defaultConfigurationName = Release;
		};
/* End XCConfigurationList section */

/* Begin XCRemoteSwiftPackageReference section */
		C80B3EE52A37956E0071311C /* XCRemoteSwiftPackageReference "firebase-ios-sdk" */ = {
			isa = XCRemoteSwiftPackageReference;
			repositoryURL = "https://github.com/firebase/firebase-ios-sdk";
			requirement = {
				kind = upToNextMajorVersion;
				minimumVersion = 10.0.0;
			};
		};
		C80B3F122A3795E70071311C /* XCRemoteSwiftPackageReference "GoogleSignIn-iOS" */ = {
			isa = XCRemoteSwiftPackageReference;
			repositoryURL = "https://github.com/google/GoogleSignIn-iOS";
			requirement = {
				kind = upToNextMajorVersion;
				minimumVersion = 7.0.0;
			};
		};
		C8D5DFC02A3CF1850024CC2F /* XCRemoteSwiftPackageReference "Kingfisher" */ = {
			isa = XCRemoteSwiftPackageReference;
			repositoryURL = "https://github.com/onevcat/Kingfisher.git";
			requirement = {
				kind = upToNextMajorVersion;
				minimumVersion = 7.0.0;
			};
		};
		C8D5DFC32A3CF1EA0024CC2F /* XCRemoteSwiftPackageReference "realm-cocoa" */ = {
			isa = XCRemoteSwiftPackageReference;
			repositoryURL = "https://github.com/realm/realm-cocoa.git";
			requirement = {
				branch = master;
				kind = branch;
			};
		};
		C8D5DFC82A3CF1FE0024CC2F /* XCRemoteSwiftPackageReference "AppAuth-iOS" */ = {
			isa = XCRemoteSwiftPackageReference;
			repositoryURL = "https://github.com/openid/AppAuth-iOS";
			requirement = {
				kind = upToNextMajorVersion;
				minimumVersion = 1.0.0;
			};
		};
/* End XCRemoteSwiftPackageReference section */

/* Begin XCSwiftPackageProductDependency section */
		C80B3EE62A37956E0071311C /* FirebaseAnalytics */ = {
			isa = XCSwiftPackageProductDependency;
			package = C80B3EE52A37956E0071311C /* XCRemoteSwiftPackageReference "firebase-ios-sdk" */;
			productName = FirebaseAnalytics;
		};
		C80B3EE82A37956E0071311C /* FirebaseAnalyticsOnDeviceConversion */ = {
			isa = XCSwiftPackageProductDependency;
			package = C80B3EE52A37956E0071311C /* XCRemoteSwiftPackageReference "firebase-ios-sdk" */;
			productName = FirebaseAnalyticsOnDeviceConversion;
		};
		C80B3EEA2A37956E0071311C /* FirebaseAnalyticsSwift */ = {
			isa = XCSwiftPackageProductDependency;
			package = C80B3EE52A37956E0071311C /* XCRemoteSwiftPackageReference "firebase-ios-sdk" */;
			productName = FirebaseAnalyticsSwift;
		};
		C80B3EEC2A37956E0071311C /* FirebaseAnalyticsWithoutAdIdSupport */ = {
			isa = XCSwiftPackageProductDependency;
			package = C80B3EE52A37956E0071311C /* XCRemoteSwiftPackageReference "firebase-ios-sdk" */;
			productName = FirebaseAnalyticsWithoutAdIdSupport;
		};
		C80B3EEE2A37956E0071311C /* FirebaseAppCheck */ = {
			isa = XCSwiftPackageProductDependency;
			package = C80B3EE52A37956E0071311C /* XCRemoteSwiftPackageReference "firebase-ios-sdk" */;
			productName = FirebaseAppCheck;
		};
		C80B3EF02A37956E0071311C /* FirebaseAppDistribution-Beta */ = {
			isa = XCSwiftPackageProductDependency;
			package = C80B3EE52A37956E0071311C /* XCRemoteSwiftPackageReference "firebase-ios-sdk" */;
			productName = "FirebaseAppDistribution-Beta";
		};
		C80B3EF22A37956E0071311C /* FirebaseAuth */ = {
			isa = XCSwiftPackageProductDependency;
			package = C80B3EE52A37956E0071311C /* XCRemoteSwiftPackageReference "firebase-ios-sdk" */;
			productName = FirebaseAuth;
		};
		C80B3EF42A37956E0071311C /* FirebaseAuthCombine-Community */ = {
			isa = XCSwiftPackageProductDependency;
			package = C80B3EE52A37956E0071311C /* XCRemoteSwiftPackageReference "firebase-ios-sdk" */;
			productName = "FirebaseAuthCombine-Community";
		};
		C80B3EF62A37956E0071311C /* FirebaseCrashlytics */ = {
			isa = XCSwiftPackageProductDependency;
			package = C80B3EE52A37956E0071311C /* XCRemoteSwiftPackageReference "firebase-ios-sdk" */;
			productName = FirebaseCrashlytics;
		};
		C80B3EF82A37956E0071311C /* FirebaseDatabase */ = {
			isa = XCSwiftPackageProductDependency;
			package = C80B3EE52A37956E0071311C /* XCRemoteSwiftPackageReference "firebase-ios-sdk" */;
			productName = FirebaseDatabase;
		};
		C80B3EFA2A37956E0071311C /* FirebaseDatabaseSwift */ = {
			isa = XCSwiftPackageProductDependency;
			package = C80B3EE52A37956E0071311C /* XCRemoteSwiftPackageReference "firebase-ios-sdk" */;
			productName = FirebaseDatabaseSwift;
		};
		C80B3EFC2A37956E0071311C /* FirebaseDynamicLinks */ = {
			isa = XCSwiftPackageProductDependency;
			package = C80B3EE52A37956E0071311C /* XCRemoteSwiftPackageReference "firebase-ios-sdk" */;
			productName = FirebaseDynamicLinks;
		};
		C80B3EFE2A37956E0071311C /* FirebaseFirestore */ = {
			isa = XCSwiftPackageProductDependency;
			package = C80B3EE52A37956E0071311C /* XCRemoteSwiftPackageReference "firebase-ios-sdk" */;
			productName = FirebaseFirestore;
		};
		C80B3F002A37956E0071311C /* FirebaseFirestoreCombine-Community */ = {
			isa = XCSwiftPackageProductDependency;
			package = C80B3EE52A37956E0071311C /* XCRemoteSwiftPackageReference "firebase-ios-sdk" */;
			productName = "FirebaseFirestoreCombine-Community";
		};
		C80B3F022A37956E0071311C /* FirebaseFirestoreSwift */ = {
			isa = XCSwiftPackageProductDependency;
			package = C80B3EE52A37956E0071311C /* XCRemoteSwiftPackageReference "firebase-ios-sdk" */;
			productName = FirebaseFirestoreSwift;
		};
		C80B3F042A37956E0071311C /* FirebaseFunctions */ = {
			isa = XCSwiftPackageProductDependency;
			package = C80B3EE52A37956E0071311C /* XCRemoteSwiftPackageReference "firebase-ios-sdk" */;
			productName = FirebaseFunctions;
		};
		C80B3F062A37956E0071311C /* FirebaseFunctionsCombine-Community */ = {
			isa = XCSwiftPackageProductDependency;
			package = C80B3EE52A37956E0071311C /* XCRemoteSwiftPackageReference "firebase-ios-sdk" */;
			productName = "FirebaseFunctionsCombine-Community";
		};
		C80B3F082A37956E0071311C /* FirebaseInAppMessaging-Beta */ = {
			isa = XCSwiftPackageProductDependency;
			package = C80B3EE52A37956E0071311C /* XCRemoteSwiftPackageReference "firebase-ios-sdk" */;
			productName = "FirebaseInAppMessaging-Beta";
		};
		C80B3F0A2A37956E0071311C /* FirebaseInAppMessagingSwift-Beta */ = {
			isa = XCSwiftPackageProductDependency;
			package = C80B3EE52A37956E0071311C /* XCRemoteSwiftPackageReference "firebase-ios-sdk" */;
			productName = "FirebaseInAppMessagingSwift-Beta";
		};
		C80B3F0C2A37956E0071311C /* FirebaseInstallations */ = {
			isa = XCSwiftPackageProductDependency;
			package = C80B3EE52A37956E0071311C /* XCRemoteSwiftPackageReference "firebase-ios-sdk" */;
			productName = FirebaseInstallations;
		};
		C80B3F0E2A37956E0071311C /* FirebaseMLModelDownloader */ = {
			isa = XCSwiftPackageProductDependency;
			package = C80B3EE52A37956E0071311C /* XCRemoteSwiftPackageReference "firebase-ios-sdk" */;
			productName = FirebaseMLModelDownloader;
		};
		C80B3F102A37956E0071311C /* FirebaseMessaging */ = {
			isa = XCSwiftPackageProductDependency;
			package = C80B3EE52A37956E0071311C /* XCRemoteSwiftPackageReference "firebase-ios-sdk" */;
			productName = FirebaseMessaging;
		};
		C80B3F132A3795E70071311C /* GoogleSignIn */ = {
			isa = XCSwiftPackageProductDependency;
			package = C80B3F122A3795E70071311C /* XCRemoteSwiftPackageReference "GoogleSignIn-iOS" */;
			productName = GoogleSignIn;
		};
		C80B3F152A3795E70071311C /* GoogleSignInSwift */ = {
			isa = XCSwiftPackageProductDependency;
			package = C80B3F122A3795E70071311C /* XCRemoteSwiftPackageReference "GoogleSignIn-iOS" */;
			productName = GoogleSignInSwift;
		};
		C8D5DFC12A3CF1850024CC2F /* Kingfisher */ = {
			isa = XCSwiftPackageProductDependency;
			package = C8D5DFC02A3CF1850024CC2F /* XCRemoteSwiftPackageReference "Kingfisher" */;
			productName = Kingfisher;
		};
		C8D5DFC42A3CF1EA0024CC2F /* Realm */ = {
			isa = XCSwiftPackageProductDependency;
			package = C8D5DFC32A3CF1EA0024CC2F /* XCRemoteSwiftPackageReference "realm-cocoa" */;
			productName = Realm;
		};
		C8D5DFC62A3CF1EA0024CC2F /* RealmSwift */ = {
			isa = XCSwiftPackageProductDependency;
			package = C8D5DFC32A3CF1EA0024CC2F /* XCRemoteSwiftPackageReference "realm-cocoa" */;
			productName = RealmSwift;
		};
		C8D5DFC92A3CF1FE0024CC2F /* AppAuth */ = {
			isa = XCSwiftPackageProductDependency;
			package = C8D5DFC82A3CF1FE0024CC2F /* XCRemoteSwiftPackageReference "AppAuth-iOS" */;
			productName = AppAuth;
		};
		C8D5DFCB2A3CF1FE0024CC2F /* AppAuthCore */ = {
			isa = XCSwiftPackageProductDependency;
			package = C8D5DFC82A3CF1FE0024CC2F /* XCRemoteSwiftPackageReference "AppAuth-iOS" */;
			productName = AppAuthCore;
		};
/* End XCSwiftPackageProductDependency section */
	};
	rootObject = A58E14942A37423000447E18 /* Project object */;
}
